
Microsoft Visual Studio Solution File, Format Version 12.00
# Visual Studio 15
VisualStudioVersion = 15.0.26730.10
MinimumVisualStudioVersion = 10.0.40219.1
Project("{9A19103F-16F7-4668-BE54-9A1E7A4F7556}") = "GovukRegistersApiClientNet", "govuk-registers-api-client-net\GovukRegistersApiClientNet.csproj", "{52DDB8ED-B500-47A6-82B5-867DB1A89C3F}"
EndProject
Project("{FAE04EC0-301F-11D3-BF4B-00C04F79EFBC}") = "GovukRegistersApiClientNet.Test", "GovukRegistersApiClientNet.Test\GovukRegistersApiClientNet.Test.csproj", "{40FF14C1-0A99-43D2-B391-9B1061629C39}"
EndProject
Project("{FAE04EC0-301F-11D3-BF4B-00C04F79EFBC}") = "GovukRegistersApiClientNet.Console", "GovukRegistersApiClientNet.Console\GovukRegistersApiClientNet.Console.csproj", "{2970CF42-F64A-403F-BA56-23D8F9A64ECB}"
EndProject
Project("{2150E333-8FDC-42A3-9474-1A3956D46DE8}") = "Solution Items", "Solution Items", "{1A25B906-ABEC-4908-90CA-CF99FE5CEB05}"
	ProjectSection(SolutionItems) = preProject
		.gitignore = .gitignore
	EndProjectSection
EndProject
Project("{FAE04EC0-301F-11D3-BF4B-00C04F79EFBC}") = "GovukRegistersApiClientNet.Implementation", "GovukRegistersApiClientNet.Implementation\GovukRegistersApiClientNet.Implementation.csproj", "{8FD7A95B-EAC4-437D-B493-4092B129415B}"
EndProject
Global
	GlobalSection(SolutionConfigurationPlatforms) = preSolution
		Debug|Any CPU = Debug|Any CPU
		Release|Any CPU = Release|Any CPU
	EndGlobalSection
	GlobalSection(ProjectConfigurationPlatforms) = postSolution
		{52DDB8ED-B500-47A6-82B5-867DB1A89C3F}.Debug|Any CPU.ActiveCfg = Debug|Any CPU
		{52DDB8ED-B500-47A6-82B5-867DB1A89C3F}.Debug|Any CPU.Build.0 = Debug|Any CPU
		{52DDB8ED-B500-47A6-82B5-867DB1A89C3F}.Release|Any CPU.ActiveCfg = Release|Any CPU
		{52DDB8ED-B500-47A6-82B5-867DB1A89C3F}.Release|Any CPU.Build.0 = Release|Any CPU
		{40FF14C1-0A99-43D2-B391-9B1061629C39}.Debug|Any CPU.ActiveCfg = Debug|Any CPU
		{40FF14C1-0A99-43D2-B391-9B1061629C39}.Debug|Any CPU.Build.0 = Debug|Any CPU
		{40FF14C1-0A99-43D2-B391-9B1061629C39}.Release|Any CPU.ActiveCfg = Release|Any CPU
		{40FF14C1-0A99-43D2-B391-9B1061629C39}.Release|Any CPU.Build.0 = Release|Any CPU
		{2970CF42-F64A-403F-BA56-23D8F9A64ECB}.Debug|Any CPU.ActiveCfg = Debug|Any CPU
		{2970CF42-F64A-403F-BA56-23D8F9A64ECB}.Debug|Any CPU.Build.0 = Debug|Any CPU
		{2970CF42-F64A-403F-BA56-23D8F9A64ECB}.Release|Any CPU.ActiveCfg = Release|Any CPU
		{2970CF42-F64A-403F-BA56-23D8F9A64ECB}.Release|Any CPU.Build.0 = Release|Any CPU
		{8FD7A95B-EAC4-437D-B493-4092B129415B}.Debug|Any CPU.ActiveCfg = Debug|Any CPU
		{8FD7A95B-EAC4-437D-B493-4092B129415B}.Debug|Any CPU.Build.0 = Debug|Any CPU
		{8FD7A95B-EAC4-437D-B493-4092B129415B}.Release|Any CPU.ActiveCfg = Release|Any CPU
		{8FD7A95B-EAC4-437D-B493-4092B129415B}.Release|Any CPU.Build.0 = Release|Any CPU
	EndGlobalSection
	GlobalSection(SolutionProperties) = preSolution
		HideSolutionNode = FALSE
	EndGlobalSection
	GlobalSection(ExtensibilityGlobals) = postSolution
		SolutionGuid = {C3F805AB-413D-4709-9BD7-438D1CE9AB6A}
	EndGlobalSection
EndGlobal
